
Microsoft Visual Studio Solution File, Format Version 12.00
# Visual Studio 15
VisualStudioVersion = 15.0.26228.12
MinimumVisualStudioVersion = 10.0.40219.1
Project("{8BC9CEB8-8B4A-11D0-8D11-00A0C91BC942}") = "serial", "serial\serial.vcxproj", "{A8517FB2-C74E-43BD-B3C6-B05D3FC11ECD}"
EndProject
Project("{8BC9CEB8-8B4A-11D0-8D11-00A0C91BC942}") = "test_serial", "test_serial\test_serial.vcxproj", "{92EE7E58-C737-41F9-B795-9B6ACF6AB0B8}"
EndProject
Project("{8BC9CEB8-8B4A-11D0-8D11-00A0C91BC942}") = "hyperstart", "hyperstart\hyperstart.vcxproj", "{B85D71EE-AE4B-43E0-9937-2EBB9855E1E4}"
EndProject
Project("{8BC9CEB8-8B4A-11D0-8D11-00A0C91BC942}") = "fmt", "fmt\fmt.vcxproj", "{793EE9D9-D6BD-3AFA-BEB8-8509E74FDDB2}"
EndProject
Project("{8BC9CEB8-8B4A-11D0-8D11-00A0C91BC942}") = "ZERO_CHECK", "fmt\ZERO_CHECK.vcxproj", "{C5FAA405-B2C0-3554-8FFF-87C414A8A02F}"
EndProject
Project("{2150E333-8FDC-42A3-9474-1A3956D46DE8}") = "fmtlib", "fmtlib", "{312A4B47-C7D0-43D5-94F0-912C618B7AFA}"
EndProject
Project("{2150E333-8FDC-42A3-9474-1A3956D46DE8}") = "seriallib", "seriallib", "{D50ADAF5-5573-4277-B768-6D20217B34BF}"
EndProject
Project("{8BC9CEB8-8B4A-11D0-8D11-00A0C91BC942}") = "hyperstart_service", "hyperstart_service\hyperstart_service.vcxproj", "{F8BA16BB-25AF-4548-BD14-96F7384EC114}"
EndProject
Project("{8BC9CEB8-8B4A-11D0-8D11-00A0C91BC942}") = "hyperstart_service_nano", "hyperstart_service_nano\hyperstart_service_nano.vcxproj", "{95201477-3B28-41B2-A8C3-D739C1AD9B1E}"
EndProject
Global
	GlobalSection(SolutionConfigurationPlatforms) = preSolution
		Debug|Win32 = Debug|Win32
		Debug|x64 = Debug|x64
		Release|Win32 = Release|Win32
		Release|x64 = Release|x64
	EndGlobalSection
	GlobalSection(ProjectConfigurationPlatforms) = postSolution
		{A8517FB2-C74E-43BD-B3C6-B05D3FC11ECD}.Debug|Win32.ActiveCfg = Debug|Win32
		{A8517FB2-C74E-43BD-B3C6-B05D3FC11ECD}.Debug|Win32.Build.0 = Debug|Win32
		{A8517FB2-C74E-43BD-B3C6-B05D3FC11ECD}.Debug|x64.ActiveCfg = Debug|x64
		{A8517FB2-C74E-43BD-B3C6-B05D3FC11ECD}.Debug|x64.Build.0 = Debug|x64
		{A8517FB2-C74E-43BD-B3C6-B05D3FC11ECD}.Release|Win32.ActiveCfg = Release|Win32
		{A8517FB2-C74E-43BD-B3C6-B05D3FC11ECD}.Release|Win32.Build.0 = Release|Win32
		{A8517FB2-C74E-43BD-B3C6-B05D3FC11ECD}.Release|x64.ActiveCfg = Release|x64
		{A8517FB2-C74E-43BD-B3C6-B05D3FC11ECD}.Release|x64.Build.0 = Release|x64
		{92EE7E58-C737-41F9-B795-9B6ACF6AB0B8}.Debug|Win32.ActiveCfg = Debug|Win32
		{92EE7E58-C737-41F9-B795-9B6ACF6AB0B8}.Debug|Win32.Build.0 = Debug|Win32
		{92EE7E58-C737-41F9-B795-9B6ACF6AB0B8}.Debug|x64.ActiveCfg = Debug|x64
		{92EE7E58-C737-41F9-B795-9B6ACF6AB0B8}.Debug|x64.Build.0 = Debug|x64
		{92EE7E58-C737-41F9-B795-9B6ACF6AB0B8}.Release|Win32.ActiveCfg = Release|Win32
		{92EE7E58-C737-41F9-B795-9B6ACF6AB0B8}.Release|Win32.Build.0 = Release|Win32
		{92EE7E58-C737-41F9-B795-9B6ACF6AB0B8}.Release|x64.ActiveCfg = Release|x64
		{92EE7E58-C737-41F9-B795-9B6ACF6AB0B8}.Release|x64.Build.0 = Release|x64
		{B85D71EE-AE4B-43E0-9937-2EBB9855E1E4}.Debug|Win32.ActiveCfg = Debug|Win32
		{B85D71EE-AE4B-43E0-9937-2EBB9855E1E4}.Debug|Win32.Build.0 = Debug|Win32
		{B85D71EE-AE4B-43E0-9937-2EBB9855E1E4}.Debug|x64.ActiveCfg = Debug|x64
		{B85D71EE-AE4B-43E0-9937-2EBB9855E1E4}.Debug|x64.Build.0 = Debug|x64
		{B85D71EE-AE4B-43E0-9937-2EBB9855E1E4}.Release|Win32.ActiveCfg = Release|Win32
		{B85D71EE-AE4B-43E0-9937-2EBB9855E1E4}.Release|Win32.Build.0 = Release|Win32
		{B85D71EE-AE4B-43E0-9937-2EBB9855E1E4}.Release|x64.ActiveCfg = Release|x64
		{B85D71EE-AE4B-43E0-9937-2EBB9855E1E4}.Release|x64.Build.0 = Release|x64
		{793EE9D9-D6BD-3AFA-BEB8-8509E74FDDB2}.Debug|Win32.ActiveCfg = Debug|Win32
		{793EE9D9-D6BD-3AFA-BEB8-8509E74FDDB2}.Debug|Win32.Build.0 = Debug|Win32
		{793EE9D9-D6BD-3AFA-BEB8-8509E74FDDB2}.Debug|x64.ActiveCfg = Debug|x64
		{793EE9D9-D6BD-3AFA-BEB8-8509E74FDDB2}.Debug|x64.Build.0 = Debug|x64
		{793EE9D9-D6BD-3AFA-BEB8-8509E74FDDB2}.Release|Win32.ActiveCfg = Release|Win32
		{793EE9D9-D6BD-3AFA-BEB8-8509E74FDDB2}.Release|Win32.Build.0 = Release|Win32
		{793EE9D9-D6BD-3AFA-BEB8-8509E74FDDB2}.Release|x64.ActiveCfg = Release|x64
		{793EE9D9-D6BD-3AFA-BEB8-8509E74FDDB2}.Release|x64.Build.0 = Release|x64
		{793EE9D9-D6BD-3AFA-BEB8-8509E74FDDB2}.Release|x64.Deploy.0 = Release|x64
		{C5FAA405-B2C0-3554-8FFF-87C414A8A02F}.Debug|Win32.ActiveCfg = Debug|Win32
		{C5FAA405-B2C0-3554-8FFF-87C414A8A02F}.Debug|Win32.Build.0 = Debug|Win32
		{C5FAA405-B2C0-3554-8FFF-87C414A8A02F}.Debug|x64.ActiveCfg = Debug|x64
		{C5FAA405-B2C0-3554-8FFF-87C414A8A02F}.Debug|x64.Build.0 = Debug|x64
		{C5FAA405-B2C0-3554-8FFF-87C414A8A02F}.Release|Win32.ActiveCfg = Release|Win32
		{C5FAA405-B2C0-3554-8FFF-87C414A8A02F}.Release|Win32.Build.0 = Release|Win32
		{C5FAA405-B2C0-3554-8FFF-87C414A8A02F}.Release|x64.ActiveCfg = Release|x64
		{C5FAA405-B2C0-3554-8FFF-87C414A8A02F}.Release|x64.Build.0 = Release|x64
		{F8BA16BB-25AF-4548-BD14-96F7384EC114}.Debug|Win32.ActiveCfg = Debug|Win32
		{F8BA16BB-25AF-4548-BD14-96F7384EC114}.Debug|Win32.Build.0 = Debug|Win32
		{F8BA16BB-25AF-4548-BD14-96F7384EC114}.Debug|x64.ActiveCfg = Debug|x64
		{F8BA16BB-25AF-4548-BD14-96F7384EC114}.Debug|x64.Build.0 = Debug|x64
		{F8BA16BB-25AF-4548-BD14-96F7384EC114}.Release|Win32.ActiveCfg = Release|Win32
		{F8BA16BB-25AF-4548-BD14-96F7384EC114}.Release|Win32.Build.0 = Release|Win32
		{F8BA16BB-25AF-4548-BD14-96F7384EC114}.Release|x64.ActiveCfg = Release|x64
		{F8BA16BB-25AF-4548-BD14-96F7384EC114}.Release|x64.Build.0 = Release|x64
		{95201477-3B28-41B2-A8C3-D739C1AD9B1E}.Debug|Win32.ActiveCfg = Debug|x64
		{95201477-3B28-41B2-A8C3-D739C1AD9B1E}.Debug|x64.ActiveCfg = Debug|x64
		{95201477-3B28-41B2-A8C3-D739C1AD9B1E}.Debug|x64.Build.0 = Debug|x64
		{95201477-3B28-41B2-A8C3-D739C1AD9B1E}.Debug|x64.Deploy.0 = Debug|x64
		{95201477-3B28-41B2-A8C3-D739C1AD9B1E}.Release|Win32.ActiveCfg = Release|x64
		{95201477-3B28-41B2-A8C3-D739C1AD9B1E}.Release|x64.ActiveCfg = Release|x64
		{95201477-3B28-41B2-A8C3-D739C1AD9B1E}.Release|x64.Build.0 = Release|x64
	EndGlobalSection
	GlobalSection(SolutionProperties) = preSolution
		HideSolutionNode = FALSE
	EndGlobalSection
	GlobalSection(NestedProjects) = preSolution
		{A8517FB2-C74E-43BD-B3C6-B05D3FC11ECD} = {D50ADAF5-5573-4277-B768-6D20217B34BF}
		{92EE7E58-C737-41F9-B795-9B6ACF6AB0B8} = {D50ADAF5-5573-4277-B768-6D20217B34BF}
		{793EE9D9-D6BD-3AFA-BEB8-8509E74FDDB2} = {312A4B47-C7D0-43D5-94F0-912C618B7AFA}
		{C5FAA405-B2C0-3554-8FFF-87C414A8A02F} = {312A4B47-C7D0-43D5-94F0-912C618B7AFA}
	EndGlobalSection
EndGlobal
